github.com/a-h/templ v0.2.476 h1:+H4hP4CwK4kfJwXsE6kHeFWMGtcVOVoOm/I64uzARBk=
github.com/a-h/templ v0.2.476/go.mod h1:zQ95mSyadNTGHv6k5Fm+wQU8zkBMMbHCHg7eAvUZKNM=
github.com/a-h/templ v0.2.543 h1:8YyLvyUtf0/IE2nIwZ62Z/m2o2NqwhnMynzOL78Lzbk=
github.com/a-h/templ v0.2.543/go.mod h1:jP908DQCwI08IrnTalhzSEH9WJqG/Q94+EODQcJGFUA=
github.com/google/go-cmp v0.6.0 h1:ofyhxvXcZhMsU5ulbFiLKl/XBFqE1GSq7atu8tAmTRI=
